<?xml version="1.0" encoding="utf-8"?>
<Project ToolsVersion="4.0" xmlns="http://schemas.microsoft.com/developer/msbuild/2003">
  <ItemGroup>
    <Filter Include="Source Files">
      <UniqueIdentifier>{4FC737F1-C7A5-4376-A066-2A32D752A2FF}</UniqueIdentifier>
      <Extensions>cpp;c;cc;cxx;c++;cppm;ixx;def;odl;idl;hpj;bat;asm;asmx</Extensions>
    </Filter>
    <Filter Include="Header Files">
      <UniqueIdentifier>{93995380-89BD-4b04-88EB-625FBE52EBFB}</UniqueIdentifier>
      <Extensions>h;hh;hpp;hxx;h++;hm;inl;inc;ipp;xsd</Extensions>
    </Filter>
    <Filter Include="Resource Files">
      <UniqueIdentifier>{67DA6AB6-F800-4c08-8B7A-83BB121AAD01}</UniqueIdentifier>
      <Extensions>rc;ico;cur;bmp;dlg;rc2;rct;bin;rgs;gif;jpg;jpeg;jpe;resx;tiff;tif;png;wav;mfcribbon-ms</Extensions>
    </Filter>
  </ItemGroup>
  <ItemGroup>
    <ClCompile Include="..\src\gui\ScvApp.cpp">
      <Filter>Source Files</Filter>
    </ClCompile>
    <ClCompile Include="..\src\gui\ScvArtProvider.cpp">
      <Filter>Source Files</Filter>
    </ClCompile>
    <ClCompile Include="..\src\gui\ScvDocument.cpp">
      <Filter>Source Files</Filter>
    </ClCompile>
    <ClCompile Include="..\src\gui\ScvGrid.cpp">
      <Filter>Source Files</Filter>
    </ClCompile>
    <ClCompile Include="..\src\gui\ScvGridCellAttrProvider.cpp">
      <Filter>Source Files</Filter>
    </ClCompile>
    <ClCompile Include="..\src\gui\ScvMainFrame.cpp">
      <Filter>Source Files</Filter>
    </ClCompile>
    <ClCompile Include="..\src\gui\ScvPanel.cpp">
      <Filter>Source Files</Filter>
    </ClCompile>
    <ClCompile Include="..\src\gui\ScvTable.cpp">
      <Filter>Source Files</Filter>
    </ClCompile>
    <ClCompile Include="..\src\gui\ScvView.cpp">
      <Filter>Source Files</Filter>
    </ClCompile>
    <ClCompile Include="..\external\wx-common\Utils.cpp">
      <Filter>Source Files</Filter>
    </ClCompile>
  </ItemGroup>
  <ItemGroup>
    <ClInclude Include="..\src\gui\ScvApp.h">
      <Filter>Header Files</Filter>
    </ClInclude>
    <ClInclude Include="..\src\gui\ScvArtProvider.h">
      <Filter>Header Files</Filter>
    </ClInclude>
    <ClInclude Include="..\src\gui\ScvDefs.h">
      <Filter>Header Files</Filter>
    </ClInclude>
    <ClInclude Include="..\src\gui\ScvDocument.h">
      <Filter>Header Files</Filter>
    </ClInclude>
    <ClInclude Include="..\src\gui\ScvGrid.h">
      <Filter>Header Files</Filter>
    </ClInclude>
    <ClInclude Include="..\src\gui\ScvGridCellAttrProvider.h">
      <Filter>Header Files</Filter>
    </ClInclude>
    <ClInclude Include="..\src\gui\ScvMainFrame.h">
      <Filter>Header Files</Filter>
    </ClInclude>
    <ClInclude Include="..\src\gui\ScvPanel.h">
      <Filter>Header Files</Filter>
    </ClInclude>
    <ClInclude Include="..\src\gui\ScvTable.h">
      <Filter>Header Files</Filter>
    </ClInclude>
    <ClInclude Include="..\src\gui\ScvView.h">
      <Filter>Header Files</Filter>
    </ClInclude>
    <ClInclude Include="..\external\wx-common\Common.h">
      <Filter>Header Files</Filter>
    </ClInclude>
    <ClInclude Include="..\external\wx-common\Utils.h">
      <Filter>Header Files</Filter>
    </ClInclude>
  </ItemGroup>
</Project>